
Microsoft Visual Studio Solution File, Format Version 12.00
# Visual Studio Version 17
VisualStudioVersion = 17.8.34525.116
MinimumVisualStudioVersion = 10.0.40219.1
Project("{FAE04EC0-301F-11D3-BF4B-00C04F79EFBC}") = "SavedataBackup", "SavedataBackup\SavedataBackup.csproj", "{52D4E253-26E7-49E7-B9F1-6D9C5D284BF9}"
EndProject
Global
	GlobalSection(SolutionConfigurationPlatforms) = preSolution
		Debug|Any CPU = Debug|Any CPU
		Release|Any CPU = Release|Any CPU
	EndGlobalSection
	GlobalSection(ProjectConfigurationPlatforms) = postSolution
		{52D4E253-26E7-49E7-B9F1-6D9C5D284BF9}.Debug|Any CPU.ActiveCfg = Debug|Any CPU
		{52D4E253-26E7-49E7-B9F1-6D9C5D284BF9}.Debug|Any CPU.Build.0 = Debug|Any CPU
		{52D4E253-26E7-49E7-B9F1-6D9C5D284BF9}.Release|Any CPU.ActiveCfg = Release|Any CPU
		{52D4E253-26E7-49E7-B9F1-6D9C5D284BF9}.Release|Any CPU.Build.0 = Release|Any CPU
	EndGlobalSection
	GlobalSection(SolutionProperties) = preSolution
		HideSolutionNode = FALSE
	EndGlobalSection
	GlobalSection(ExtensibilityGlobals) = postSolution
		SolutionGuid = {7918607F-4706-49B7-BF21-875D986E8F74}
	EndGlobalSection
EndGlobal
